# generated by rye
# use `rye lock` or `rye sync` to update this lockfile
#
# last locked with the following flags:
#   pre: false
#   features: []
#   all-features: false
#   with-sources: false
#   generate-hashes: false

-e file:.
et-xmlfile==1.1.0
    # via openpyxl
fastexcel==0.11.3
    # via polars
fsspec==2024.6.1
    # via intake
intake==2.0.6
    # via iamcompact-harmonization-d44
networkx==3.3
    # via intake
numpy==2.0.1
    # via pyarrow
openpyxl==3.1.5
    # via polars
platformdirs==4.2.2
    # via intake
polars==1.2.1
    # via iamcompact-harmonization-d44
pyarrow==17.0.0
    # via fastexcel
pyyaml==6.0.1
    # via intake
